// !$*UTF8*$!
{
	archiveVersion = 1;
	classes = {
	};
	objectVersion = 50;
	objects = {

/* Begin PBXBuildFile section */
		20DBB419DD4AB889A851A512 /* Pods_KaoHon.framework in Frameworks */ = {isa = PBXBuildFile; fileRef = 5066CA9C44F3519F72FB1745 /* Pods_KaoHon.framework */; };
		C9774BEC2366DB1000DF0795 /* AppDelegate.swift in Sources */ = {isa = PBXBuildFile; fileRef = C9774BEB2366DB1000DF0795 /* AppDelegate.swift */; };
		C9774BEE2366DB1000DF0795 /* ViewController.swift in Sources */ = {isa = PBXBuildFile; fileRef = C9774BED2366DB1000DF0795 /* ViewController.swift */; };
		C9774BF12366DB1000DF0795 /* Main.storyboard in Resources */ = {isa = PBXBuildFile; fileRef = C9774BEF2366DB1000DF0795 /* Main.storyboard */; };
		C9774BF42366DB1000DF0795 /* KaoHon.xcdatamodeld in Sources */ = {isa = PBXBuildFile; fileRef = C9774BF22366DB1000DF0795 /* KaoHon.xcdatamodeld */; };
		C9774BF62366DB1100DF0795 /* Assets.xcassets in Resources */ = {isa = PBXBuildFile; fileRef = C9774BF52366DB1100DF0795 /* Assets.xcassets */; };
		C9774BF92366DB1100DF0795 /* LaunchScreen.storyboard in Resources */ = {isa = PBXBuildFile; fileRef = C9774BF72366DB1100DF0795 /* LaunchScreen.storyboard */; };
		C9774C012366DF4500DF0795 /* TabViewController.swift in Sources */ = {isa = PBXBuildFile; fileRef = C9774C002366DF4500DF0795 /* TabViewController.swift */; };
		C9774C0B2366E05D00DF0795 /* MainTableViewCell.swift in Sources */ = {isa = PBXBuildFile; fileRef = C9774C0A2366E05D00DF0795 /* MainTableViewCell.swift */; };
		C9774C0D2366E07900DF0795 /* PostTableViewCell.swift in Sources */ = {isa = PBXBuildFile; fileRef = C9774C0C2366E07900DF0795 /* PostTableViewCell.swift */; };
		C9774C112366E10800DF0795 /* PostViewController.swift in Sources */ = {isa = PBXBuildFile; fileRef = C9774C102366E10800DF0795 /* PostViewController.swift */; };
		C9774C132366E14E00DF0795 /* ProfileViewController.swift in Sources */ = {isa = PBXBuildFile; fileRef = C9774C122366E14E00DF0795 /* ProfileViewController.swift */; };
		C9A76CAD23694764002B6C6D /* AlbumCollectionViewController.swift in Sources */ = {isa = PBXBuildFile; fileRef = C9A76CAC23694764002B6C6D /* AlbumCollectionViewController.swift */; };
		C9A76CB123695192002B6C6D /* CollectionViewCell.swift in Sources */ = {isa = PBXBuildFile; fileRef = C9A76CB023695192002B6C6D /* CollectionViewCell.swift */; };
		C9A76CB32369794C002B6C6D /* PhotosViewController.swift in Sources */ = {isa = PBXBuildFile; fileRef = C9A76CB22369794C002B6C6D /* PhotosViewController.swift */; };
		C9C07C75236A8AAC00EFAD0F /* Slide.swift in Sources */ = {isa = PBXBuildFile; fileRef = C9C07C74236A8AAC00EFAD0F /* Slide.swift */; };
		C9C07C77236A8AE000EFAD0F /* Slide.xib in Resources */ = {isa = PBXBuildFile; fileRef = C9C07C76236A8AE000EFAD0F /* Slide.xib */; };
		C9C97DDC237407000069553E /* CommentTableViewCell.swift in Sources */ = {isa = PBXBuildFile; fileRef = C9C97DDB237407000069553E /* CommentTableViewCell.swift */; };
		C9EE82C3236AC8F600B63578 /* MapViewController.swift in Sources */ = {isa = PBXBuildFile; fileRef = C9EE82C2236AC8F600B63578 /* MapViewController.swift */; };
/* End PBXBuildFile section */

/* Begin PBXFileReference section */
		5066CA9C44F3519F72FB1745 /* Pods_KaoHon.framework */ = {isa = PBXFileReference; explicitFileType = wrapper.framework; includeInIndex = 0; path = Pods_KaoHon.framework; sourceTree = BUILT_PRODUCTS_DIR; };
		87B2906FBEC2BAB2D5E7BFC5 /* Pods-KaoHon.release.xcconfig */ = {isa = PBXFileReference; includeInIndex = 1; lastKnownFileType = text.xcconfig; name = "Pods-KaoHon.release.xcconfig"; path = "Target Support Files/Pods-KaoHon/Pods-KaoHon.release.xcconfig"; sourceTree = "<group>"; };
		9F89D8721685738E3CB4027E /* Pods-KaoHon.debug.xcconfig */ = {isa = PBXFileReference; includeInIndex = 1; lastKnownFileType = text.xcconfig; name = "Pods-KaoHon.debug.xcconfig"; path = "Target Support Files/Pods-KaoHon/Pods-KaoHon.debug.xcconfig"; sourceTree = "<group>"; };
		C9774BE82366DB1000DF0795 /* KaoHon.app */ = {isa = PBXFileReference; explicitFileType = wrapper.application; includeInIndex = 0; path = KaoHon.app; sourceTree = BUILT_PRODUCTS_DIR; };
		C9774BEB2366DB1000DF0795 /* AppDelegate.swift */ = {isa = PBXFileReference; lastKnownFileType = sourcecode.swift; path = AppDelegate.swift; sourceTree = "<group>"; };
		C9774BED2366DB1000DF0795 /* ViewController.swift */ = {isa = PBXFileReference; lastKnownFileType = sourcecode.swift; path = ViewController.swift; sourceTree = "<group>"; };
		C9774BF02366DB1000DF0795 /* Base */ = {isa = PBXFileReference; lastKnownFileType = file.storyboard; name = Base; path = Base.lproj/Main.storyboard; sourceTree = "<group>"; };
		C9774BF32366DB1000DF0795 /* KaoHon.xcdatamodel */ = {isa = PBXFileReference; lastKnownFileType = wrapper.xcdatamodel; path = KaoHon.xcdatamodel; sourceTree = "<group>"; };
		C9774BF52366DB1100DF0795 /* Assets.xcassets */ = {isa = PBXFileReference; lastKnownFileType = folder.assetcatalog; path = Assets.xcassets; sourceTree = "<group>"; };
		C9774BF82366DB1100DF0795 /* Base */ = {isa = PBXFileReference; lastKnownFileType = file.storyboard; name = Base; path = Base.lproj/LaunchScreen.storyboard; sourceTree = "<group>"; };
		C9774BFA2366DB1100DF0795 /* Info.plist */ = {isa = PBXFileReference; lastKnownFileType = text.plist.xml; path = Info.plist; sourceTree = "<group>"; };
		C9774C002366DF4500DF0795 /* TabViewController.swift */ = {isa = PBXFileReference; lastKnownFileType = sourcecode.swift; path = TabViewController.swift; sourceTree = "<group>"; };
		C9774C0A2366E05D00DF0795 /* MainTableViewCell.swift */ = {isa = PBXFileReference; lastKnownFileType = sourcecode.swift; path = MainTableViewCell.swift; sourceTree = "<group>"; };
		C9774C0C2366E07900DF0795 /* PostTableViewCell.swift */ = {isa = PBXFileReference; lastKnownFileType = sourcecode.swift; path = PostTableViewCell.swift; sourceTree = "<group>"; };
		C9774C102366E10800DF0795 /* PostViewController.swift */ = {isa = PBXFileReference; lastKnownFileType = sourcecode.swift; path = PostViewController.swift; sourceTree = "<group>"; };
		C9774C122366E14E00DF0795 /* ProfileViewController.swift */ = {isa = PBXFileReference; lastKnownFileType = sourcecode.swift; path = ProfileViewController.swift; sourceTree = "<group>"; };
		C9A76CAC23694764002B6C6D /* AlbumCollectionViewController.swift */ = {isa = PBXFileReference; lastKnownFileType = sourcecode.swift; path = AlbumCollectionViewController.swift; sourceTree = "<group>"; };
		C9A76CB023695192002B6C6D /* CollectionViewCell.swift */ = {isa = PBXFileReference; lastKnownFileType = sourcecode.swift; path = CollectionViewCell.swift; sourceTree = "<group>"; };
		C9A76CB22369794C002B6C6D /* PhotosViewController.swift */ = {isa = PBXFileReference; lastKnownFileType = sourcecode.swift; path = PhotosViewController.swift; sourceTree = "<group>"; };
		C9C07C74236A8AAC00EFAD0F /* Slide.swift */ = {isa = PBXFileReference; lastKnownFileType = sourcecode.swift; path = Slide.swift; sourceTree = "<group>"; };
		C9C07C76236A8AE000EFAD0F /* Slide.xib */ = {isa = PBXFileReference; lastKnownFileType = file.xib; path = Slide.xib; sourceTree = "<group>"; };
		C9C97DDB237407000069553E /* CommentTableViewCell.swift */ = {isa = PBXFileReference; lastKnownFileType = sourcecode.swift; path = CommentTableViewCell.swift; sourceTree = "<group>"; };
		C9EE82C2236AC8F600B63578 /* MapViewController.swift */ = {isa = PBXFileReference; lastKnownFileType = sourcecode.swift; path = MapViewController.swift; sourceTree = "<group>"; };
/* End PBXFileReference section */

/* Begin PBXFrameworksBuildPhase section */
		C9774BE52366DB1000DF0795 /* Frameworks */ = {
			isa = PBXFrameworksBuildPhase;
			buildActionMask = 2147483647;
			files = (
				20DBB419DD4AB889A851A512 /* Pods_KaoHon.framework in Frameworks */,
			);
			runOnlyForDeploymentPostprocessing = 0;
		};
/* End PBXFrameworksBuildPhase section */

/* Begin PBXGroup section */
		7F2F0F9CB22136056A38DA51 /* Pods */ = {
			isa = PBXGroup;
			children = (
				9F89D8721685738E3CB4027E /* Pods-KaoHon.debug.xcconfig */,
				87B2906FBEC2BAB2D5E7BFC5 /* Pods-KaoHon.release.xcconfig */,
			);
			path = Pods;
			sourceTree = "<group>";
		};
		8628E5DF831D890D3D0C6B3F /* Frameworks */ = {
			isa = PBXGroup;
			children = (
				5066CA9C44F3519F72FB1745 /* Pods_KaoHon.framework */,
			);
			name = Frameworks;
			sourceTree = "<group>";
		};
		C9774BDF2366DB1000DF0795 = {
			isa = PBXGroup;
			children = (
				C9774BEA2366DB1000DF0795 /* KaoHon */,
				C9774BE92366DB1000DF0795 /* Products */,
				7F2F0F9CB22136056A38DA51 /* Pods */,
				8628E5DF831D890D3D0C6B3F /* Frameworks */,
			);
			sourceTree = "<group>";
		};
		C9774BE92366DB1000DF0795 /* Products */ = {
			isa = PBXGroup;
			children = (
				C9774BE82366DB1000DF0795 /* KaoHon.app */,
			);
			name = Products;
			sourceTree = "<group>";
		};
		C9774BEA2366DB1000DF0795 /* KaoHon */ = {
			isa = PBXGroup;
			children = (
				C9774BEB2366DB1000DF0795 /* AppDelegate.swift */,
				C9774BED2366DB1000DF0795 /* ViewController.swift */,
				C9774C002366DF4500DF0795 /* TabViewController.swift */,
				C9774C122366E14E00DF0795 /* ProfileViewController.swift */,
				C9774C102366E10800DF0795 /* PostViewController.swift */,
				C9A76CAC23694764002B6C6D /* AlbumCollectionViewController.swift */,
				C9A76CB22369794C002B6C6D /* PhotosViewController.swift */,
				C9EE82C2236AC8F600B63578 /* MapViewController.swift */,
				C9774C0A2366E05D00DF0795 /* MainTableViewCell.swift */,
				C9774C0C2366E07900DF0795 /* PostTableViewCell.swift */,
				C9C97DDB237407000069553E /* CommentTableViewCell.swift */,
				C9A76CB023695192002B6C6D /* CollectionViewCell.swift */,
				C9C07C74236A8AAC00EFAD0F /* Slide.swift */,
				C9C07C76236A8AE000EFAD0F /* Slide.xib */,
				C9774BEF2366DB1000DF0795 /* Main.storyboard */,
				C9774BF52366DB1100DF0795 /* Assets.xcassets */,
				C9774BF72366DB1100DF0795 /* LaunchScreen.storyboard */,
				C9774BFA2366DB1100DF0795 /* Info.plist */,
				C9774BF22366DB1000DF0795 /* KaoHon.xcdatamodeld */,
			);
			path = KaoHon;
			sourceTree = "<group>";
		};
/* End PBXGroup section */

/* Begin PBXNativeTarget section */
		C9774BE72366DB1000DF0795 /* KaoHon */ = {
			isa = PBXNativeTarget;
			buildConfigurationList = C9774BFD2366DB1100DF0795 /* Build configuration list for PBXNativeTarget "KaoHon" */;
			buildPhases = (
				1397B080DA01F356DDD4CC9A /* [CP] Check Pods Manifest.lock */,
				C9774BE42366DB1000DF0795 /* Sources */,
				C9774BE52366DB1000DF0795 /* Frameworks */,
				C9774BE62366DB1000DF0795 /* Resources */,
			);
			buildRules = (
			);
			dependencies = (
			);
			name = KaoHon;
			productName = KaoHon;
			productReference = C9774BE82366DB1000DF0795 /* KaoHon.app */;
			productType = "com.apple.product-type.application";
		};
/* End PBXNativeTarget section */

/* Begin PBXProject section */
		C9774BE02366DB1000DF0795 /* Project object */ = {
			isa = PBXProject;
			attributes = {
				LastSwiftUpdateCheck = 1010;
				LastUpgradeCheck = 1010;
				ORGANIZATIONNAME = "Action Trainee";
				TargetAttributes = {
					C9774BE72366DB1000DF0795 = {
						CreatedOnToolsVersion = 10.1;
					};
				};
			};
			buildConfigurationList = C9774BE32366DB1000DF0795 /* Build configuration list for PBXProject "KaoHon" */;
			compatibilityVersion = "Xcode 9.3";
			developmentRegion = en;
			hasScannedForEncodings = 0;
			knownRegions = (
				en,
				Base,
			);
			mainGroup = C9774BDF2366DB1000DF0795;
			productRefGroup = C9774BE92366DB1000DF0795 /* Products */;
			projectDirPath = "";
			projectRoot = "";
			targets = (
				C9774BE72366DB1000DF0795 /* KaoHon */,
			);
		};
/* End PBXProject section */

/* Begin PBXResourcesBuildPhase section */
		C9774BE62366DB1000DF0795 /* Resources */ = {
			isa = PBXResourcesBuildPhase;
			buildActionMask = 2147483647;
			files = (
				C9774BF92366DB1100DF0795 /* LaunchScreen.storyboard in Resources */,
				C9774BF62366DB1100DF0795 /* Assets.xcassets in Resources */,
				C9774BF12366DB1000DF0795 /* Main.storyboard in Resources */,
				C9C07C77236A8AE000EFAD0F /* Slide.xib in Resources */,
			);
			runOnlyForDeploymentPostprocessing = 0;
		};
/* End PBXResourcesBuildPhase section */

/* Begin PBXShellScriptBuildPhase section */
		1397B080DA01F356DDD4CC9A /* [CP] Check Pods Manifest.lock */ = {
			isa = PBXShellScriptBuildPhase;
			buildActionMask = 2147483647;
			files = (
			);
			inputFileListPaths = (
			);
			inputPaths = (
				"${PODS_PODFILE_DIR_PATH}/Podfile.lock",
				"${PODS_ROOT}/Manifest.lock",
			);
			name = "[CP] Check Pods Manifest.lock";
			outputFileListPaths = (
			);
			outputPaths = (
				"$(DERIVED_FILE_DIR)/Pods-KaoHon-checkManifestLockResult.txt",
			);
			runOnlyForDeploymentPostprocessing = 0;
			shellPath = /bin/sh;
			shellScript = "diff \"${PODS_PODFILE_DIR_PATH}/Podfile.lock\" \"${PODS_ROOT}/Manifest.lock\" > /dev/null\nif [ $? != 0 ] ; then\n    # print error to STDERR\n    echo \"error: The sandbox is not in sync with the Podfile.lock. Run 'pod install' or update your CocoaPods installation.\" >&2\n    exit 1\nfi\n# This output is used by Xcode 'outputs' to avoid re-running this script phase.\necho \"SUCCESS\" > \"${SCRIPT_OUTPUT_FILE_0}\"\n";
			showEnvVarsInLog = 0;
		};
/* End PBXShellScriptBuildPhase section */

/* Begin PBXSourcesBuildPhase section */
		C9774BE42366DB1000DF0795 /* Sources */ = {
			isa = PBXSourcesBuildPhase;
			buildActionMask = 2147483647;
			files = (
				C9A76CAD23694764002B6C6D /* AlbumCollectionViewController.swift in Sources */,
				C9A76CB32369794C002B6C6D /* PhotosViewController.swift in Sources */,
				C9774C012366DF4500DF0795 /* TabViewController.swift in Sources */,
				C9C07C75236A8AAC00EFAD0F /* Slide.swift in Sources */,
				C9774BF42366DB1000DF0795 /* KaoHon.xcdatamodeld in Sources */,
				C9774C112366E10800DF0795 /* PostViewController.swift in Sources */,
				C9EE82C3236AC8F600B63578 /* MapViewController.swift in Sources */,
				C9774C0D2366E07900DF0795 /* PostTableViewCell.swift in Sources */,
				C9774C0B2366E05D00DF0795 /* MainTableViewCell.swift in Sources */,
				C9774C132366E14E00DF0795 /* ProfileViewController.swift in Sources */,
				C9774BEE2366DB1000DF0795 /* ViewController.swift in Sources */,
				C9C97DDC237407000069553E /* CommentTableViewCell.swift in Sources */,
				C9774BEC2366DB1000DF0795 /* AppDelegate.swift in Sources */,
				C9A76CB123695192002B6C6D /* CollectionViewCell.swift in Sources */,
			);
			runOnlyForDeploymentPostprocessing = 0;
		};
/* End PBXSourcesBuildPhase section */

/* Begin PBXVariantGroup section */
		C9774BEF2366DB1000DF0795 /* Main.storyboard */ = {
			isa = PBXVariantGroup;
			children = (
				C9774BF02366DB1000DF0795 /* Base */,
			);
			name = Main.storyboard;
			sourceTree = "<group>";
		};
		C9774BF72366DB1100DF0795 /* LaunchScreen.storyboard */ = {
			isa = PBXVariantGroup;
			children = (
				C9774BF82366DB1100DF0795 /* Base */,
			);
			name = LaunchScreen.storyboard;
			sourceTree = "<group>";
		};
/* End PBXVariantGroup section */

/* Begin XCBuildConfiguration section */
		C9774BFB2366DB1100DF0795 /* Debug */ = {
			isa = XCBuildConfiguration;
			buildSettings = {
				ALWAYS_SEARCH_USER_PATHS = NO;
				CLANG_ANALYZER_NONNULL = YES;
				CLANG_ANALYZER_NUMBER_OBJECT_CONVERSION = YES_AGGRESSIVE;
				CLANG_CXX_LANGUAGE_STANDARD = "gnu++14";
				CLANG_CXX_LIBRARY = "libc++";
				CLANG_ENABLE_MODULES = YES;
				CLANG_ENABLE_OBJC_ARC = YES;
				CLANG_ENABLE_OBJC_WEAK = YES;
				CLANG_WARN_BLOCK_CAPTURE_AUTORELEASING = YES;
				CLANG_WARN_BOOL_CONVERSION = YES;
				CLANG_WARN_COMMA = YES;
				CLANG_WARN_CONSTANT_CONVERSION = YES;
				CLANG_WARN_DEPRECATED_OBJC_IMPLEMENTATIONS = YES;
				CLANG_WARN_DIRECT_OBJC_ISA_USAGE = YES_ERROR;
				CLANG_WARN_DOCUMENTATION_COMMENTS = YES;
				CLANG_WARN_EMPTY_BODY = YES;
				CLANG_WARN_ENUM_CONVERSION = YES;
				CLANG_WARN_INFINITE_RECURSION = YES;
				CLANG_WARN_INT_CONVERSION = YES;
				CLANG_WARN_NON_LITERAL_NULL_CONVERSION = YES;
				CLANG_WARN_OBJC_IMPLICIT_RETAIN_SELF = YES;
				CLANG_WARN_OBJC_LITERAL_CONVERSION = YES;
				CLANG_WARN_OBJC_ROOT_CLASS = YES_ERROR;
				CLANG_WARN_RANGE_LOOP_ANALYSIS = YES;
				CLANG_WARN_STRICT_PROTOTYPES = YES;
				CLANG_WARN_SUSPICIOUS_MOVE = YES;
				CLANG_WARN_UNGUARDED_AVAILABILITY = YES_AGGRESSIVE;
				CLANG_WARN_UNREACHABLE_CODE = YES;
				CLANG_WARN__DUPLICATE_METHOD_MATCH = YES;
				CODE_SIGN_IDENTITY = "iPhone Developer";
				COPY_PHASE_STRIP = NO;
				DEBUG_INFORMATION_FORMAT = dwarf;
				ENABLE_STRICT_OBJC_MSGSEND = YES;
				ENABLE_TESTABILITY = YES;
				GCC_C_LANGUAGE_STANDARD = gnu11;
				GCC_DYNAMIC_NO_PIC = NO;
				GCC_NO_COMMON_BLOCKS = YES;
				GCC_OPTIMIZATION_LEVEL = 0;
				GCC_PREPROCESSOR_DEFINITIONS = (
					"DEBUG=1",
					"$(inherited)",
				);
				GCC_WARN_64_TO_32_BIT_CONVERSION = YES;
				GCC_WARN_ABOUT_RETURN_TYPE = YES_ERROR;
				GCC_WARN_UNDECLARED_SELECTOR = YES;
				GCC_WARN_UNINITIALIZED_AUTOS = YES_AGGRESSIVE;
				GCC_WARN_UNUSED_FUNCTION = YES;
				GCC_WARN_UNUSED_VARIABLE = YES;
				IPHONEOS_DEPLOYMENT_TARGET = 12.1;
				MTL_ENABLE_DEBUG_INFO = INCLUDE_SOURCE;
				MTL_FAST_MATH = YES;
				ONLY_ACTIVE_ARCH = YES;
				SDKROOT = iphoneos;
				SWIFT_ACTIVE_COMPILATION_CONDITIONS = DEBUG;
				SWIFT_OPTIMIZATION_LEVEL = "-Onone";
			};
			name = Debug;
		};
		C9774BFC2366DB1100DF0795 /* Release */ = {
			isa = XCBuildConfiguration;
			buildSettings = {
				ALWAYS_SEARCH_USER_PATHS = NO;
				CLANG_ANALYZER_NONNULL = YES;
				CLANG_ANALYZER_NUMBER_OBJECT_CONVERSION = YES_AGGRESSIVE;
				CLANG_CXX_LANGUAGE_STANDARD = "gnu++14";
				CLANG_CXX_LIBRARY = "libc++";
				CLANG_ENABLE_MODULES = YES;
				CLANG_ENABLE_OBJC_ARC = YES;
				CLANG_ENABLE_OBJC_WEAK = YES;
				CLANG_WARN_BLOCK_CAPTURE_AUTORELEASING = YES;
				CLANG_WARN_BOOL_CONVERSION = YES;
				CLANG_WARN_COMMA = YES;
				CLANG_WARN_CONSTANT_CONVERSION = YES;
				CLANG_WARN_DEPRECATED_OBJC_IMPLEMENTATIONS = YES;
				CLANG_WARN_DIRECT_OBJC_ISA_USAGE = YES_ERROR;
				CLANG_WARN_DOCUMENTATION_COMMENTS = YES;
				CLANG_WARN_EMPTY_BODY = YES;
				CLANG_WARN_ENUM_CONVERSION = YES;
				CLANG_WARN_INFINITE_RECURSION = YES;
				CLANG_WARN_INT_CONVERSION = YES;
				CLANG_WARN_NON_LITERAL_NULL_CONVERSION = YES;
				CLANG_WARN_OBJC_IMPLICIT_RETAIN_SELF = YES;
				CLANG_WARN_OBJC_LITERAL_CONVERSION = YES;
				CLANG_WARN_OBJC_ROOT_CLASS = YES_ERROR;
				CLANG_WARN_RANGE_LOOP_ANALYSIS = YES;
				CLANG_WARN_STRICT_PROTOTYPES = YES;
				CLANG_WARN_SUSPICIOUS_MOVE = YES;
				CLANG_WARN_UNGUARDED_AVAILABILITY = YES_AGGRESSIVE;
				CLANG_WARN_UNREACHABLE_CODE = YES;
				CLANG_WARN__DUPLICATE_METHOD_MATCH = YES;
				CODE_SIGN_IDENTITY = "iPhone Developer";
				COPY_PHASE_STRIP = NO;
				DEBUG_INFORMATION_FORMAT = "dwarf-with-dsym";
				ENABLE_NS_ASSERTIONS = NO;
				ENABLE_STRICT_OBJC_MSGSEND = YES;
				GCC_C_LANGUAGE_STANDARD = gnu11;
				GCC_NO_COMMON_BLOCKS = YES;
				GCC_WARN_64_TO_32_BIT_CONVERSION = YES;
				GCC_WARN_ABOUT_RETURN_TYPE = YES_ERROR;
				GCC_WARN_UNDECLARED_SELECTOR = YES;
				GCC_WARN_UNINITIALIZED_AUTOS = YES_AGGRESSIVE;
				GCC_WARN_UNUSED_FUNCTION = YES;
				GCC_WARN_UNUSED_VARIABLE = YES;
				IPHONEOS_DEPLOYMENT_TARGET = 12.1;
				MTL_ENABLE_DEBUG_INFO = NO;
				MTL_FAST_MATH = YES;
				SDKROOT = iphoneos;
				SWIFT_COMPILATION_MODE = wholemodule;
				SWIFT_OPTIMIZATION_LEVEL = "-O";
				VALIDATE_PRODUCT = YES;
			};
			name = Release;
		};
		C9774BFE2366DB1100DF0795 /* Debug */ = {
			isa = XCBuildConfiguration;
			baseConfigurationReference = 9F89D8721685738E3CB4027E /* Pods-KaoHon.debug.xcconfig */;
			buildSettings = {
				ASSETCATALOG_COMPILER_APPICON_NAME = AppIcon;
				CODE_SIGN_STYLE = Automatic;
				INFOPLIST_FILE = KaoHon/Info.plist;
				LD_RUNPATH_SEARCH_PATHS = (
					"$(inherited)",
					"@executable_path/Frameworks",
				);
				PRODUCT_BUNDLE_IDENTIFIER = com.aws.KaoHon;
				PRODUCT_NAME = "$(TARGET_NAME)";
				SWIFT_VERSION = 4.2;
				TARGETED_DEVICE_FAMILY = "1,2";
			};
			name = Debug;
		};
		C9774BFF2366DB1100DF0795 /* Release */ = {
			isa = XCBuildConfiguration;
			baseConfigurationReference = 87B2906FBEC2BAB2D5E7BFC5 /* Pods-KaoHon.release.xcconfig */;
			buildSettings = {
				ASSETCATALOG_COMPILER_APPICON_NAME = AppIcon;
				CODE_SIGN_STYLE = Automatic;
				INFOPLIST_FILE = KaoHon/Info.plist;
				LD_RUNPATH_SEARCH_PATHS = (
					"$(inherited)",
					"@executable_path/Frameworks",
				);
				PRODUCT_BUNDLE_IDENTIFIER = com.aws.KaoHon;
				PRODUCT_NAME = "$(TARGET_NAME)";
				SWIFT_VERSION = 4.2;
				TARGETED_DEVICE_FAMILY = "1,2";
			};
			name = Release;
		};
/* End XCBuildConfiguration section */

/* Begin XCConfigurationList section */
		C9774BE32366DB1000DF0795 /* Build configuration list for PBXProject "KaoHon" */ = {
			isa = XCConfigurationList;
			buildConfigurations = (
				C9774BFB2366DB1100DF0795 /* Debug */,
				C9774BFC2366DB1100DF0795 /* Release */,
			);
			defaultConfigurationIsVisible = 0;
			defaultConfigurationName = Release;
		};
		C9774BFD2366DB1100DF0795 /* Build configuration list for PBXNativeTarget "KaoHon" */ = {
			isa = XCConfigurationList;
			buildConfigurations = (
				C9774BFE2366DB1100DF0795 /* Debug */,
				C9774BFF2366DB1100DF0795 /* Release */,
			);
			defaultConfigurationIsVisible = 0;
			defaultConfigurationName = Release;
		};
/* End XCConfigurationList section */

/* Begin XCVersionGroup section */
		C9774BF22366DB1000DF0795 /* KaoHon.xcdatamodeld */ = {
			isa = XCVersionGroup;
			children = (
				C9774BF32366DB1000DF0795 /* KaoHon.xcdatamodel */,
			);
			currentVersion = C9774BF32366DB1000DF0795 /* KaoHon.xcdatamodel */;
			path = KaoHon.xcdatamodeld;
			sourceTree = "<group>";
			versionGroupType = wrapper.xcdatamodel;
		};
/* End XCVersionGroup section */
	};
	rootObject = C9774BE02366DB1000DF0795 /* Project object */;
}
